
Microsoft Visual Studio Solution File, Format Version 12.00
# Visual Studio 15
VisualStudioVersion = 15.0.26730.3
MinimumVisualStudioVersion = 10.0.40219.1
Project("{FAE04EC0-301F-11D3-BF4B-00C04F79EFBC}") = "WCFSunat", "WCFSunat\WCFSunat.csproj", "{33388FB9-21A5-4784-87A5-934EBFFCB40C}"
EndProject
Global
	GlobalSection(SolutionConfigurationPlatforms) = preSolution
		Debug|Any CPU = Debug|Any CPU
		Release|Any CPU = Release|Any CPU
	EndGlobalSection
	GlobalSection(ProjectConfigurationPlatforms) = postSolution
		{33388FB9-21A5-4784-87A5-934EBFFCB40C}.Debug|Any CPU.ActiveCfg = Debug|Any CPU
		{33388FB9-21A5-4784-87A5-934EBFFCB40C}.Debug|Any CPU.Build.0 = Debug|Any CPU
		{33388FB9-21A5-4784-87A5-934EBFFCB40C}.Release|Any CPU.ActiveCfg = Release|Any CPU
		{33388FB9-21A5-4784-87A5-934EBFFCB40C}.Release|Any CPU.Build.0 = Release|Any CPU
	EndGlobalSection
	GlobalSection(SolutionProperties) = preSolution
		HideSolutionNode = FALSE
	EndGlobalSection
	GlobalSection(ExtensibilityGlobals) = postSolution
		SolutionGuid = {88712D46-C407-4BAF-915D-D85C22A5137E}
	EndGlobalSection
EndGlobal
