
Microsoft Visual Studio Solution File, Format Version 12.00
# Visual Studio 15
VisualStudioVersion = 15.0.26730.3
MinimumVisualStudioVersion = 10.0.40219.1
Project("{FAE04EC0-301F-11D3-BF4B-00C04F79EFBC}") = "WCFMember", "WFCMember\WCFMember.csproj", "{C559F1C8-76ED-4653-BFE9-4DD857E1D6FA}"
EndProject
Project("{FAE04EC0-301F-11D3-BF4B-00C04F79EFBC}") = "WCFMemberTests", "WFCMemberUnitTests\WCFMemberTests.csproj", "{C1119072-97A6-4F94-8F81-04E616C4C77F}"
	ProjectSection(ProjectDependencies) = postProject
		{C559F1C8-76ED-4653-BFE9-4DD857E1D6FA} = {C559F1C8-76ED-4653-BFE9-4DD857E1D6FA}
	EndProjectSection
EndProject
Global
	GlobalSection(SolutionConfigurationPlatforms) = preSolution
		Debug|Any CPU = Debug|Any CPU
		Release|Any CPU = Release|Any CPU
	EndGlobalSection
	GlobalSection(ProjectConfigurationPlatforms) = postSolution
		{C559F1C8-76ED-4653-BFE9-4DD857E1D6FA}.Debug|Any CPU.ActiveCfg = Debug|Any CPU
		{C559F1C8-76ED-4653-BFE9-4DD857E1D6FA}.Debug|Any CPU.Build.0 = Debug|Any CPU
		{C559F1C8-76ED-4653-BFE9-4DD857E1D6FA}.Release|Any CPU.ActiveCfg = Release|Any CPU
		{C559F1C8-76ED-4653-BFE9-4DD857E1D6FA}.Release|Any CPU.Build.0 = Release|Any CPU
		{C1119072-97A6-4F94-8F81-04E616C4C77F}.Debug|Any CPU.ActiveCfg = Debug|Any CPU
		{C1119072-97A6-4F94-8F81-04E616C4C77F}.Debug|Any CPU.Build.0 = Debug|Any CPU
		{C1119072-97A6-4F94-8F81-04E616C4C77F}.Release|Any CPU.ActiveCfg = Release|Any CPU
		{C1119072-97A6-4F94-8F81-04E616C4C77F}.Release|Any CPU.Build.0 = Release|Any CPU
	EndGlobalSection
	GlobalSection(SolutionProperties) = preSolution
		HideSolutionNode = FALSE
	EndGlobalSection
	GlobalSection(ExtensibilityGlobals) = postSolution
		SolutionGuid = {EEBD193E-EF2E-46BB-A031-E3E2D3008EAF}
	EndGlobalSection
EndGlobal
