
Microsoft Visual Studio Solution File, Format Version 12.00
# Visual Studio 15
VisualStudioVersion = 15.0.28010.2048
MinimumVisualStudioVersion = 10.0.40219.1
Project("{FAE04EC0-301F-11D3-BF4B-00C04F79EFBC}") = "RoomService", "RoomService\RoomService.csproj", "{A1ECC8EF-D9F7-44B4-A468-C336AC318E19}"
EndProject
Project("{FAE04EC0-301F-11D3-BF4B-00C04F79EFBC}") = "RoomServiceTests", "RoomServiceTests\RoomServiceTests.csproj", "{04D08C89-8836-4A87-9CD4-E2D92D5BB27C}"
	ProjectSection(ProjectDependencies) = postProject
		{A1ECC8EF-D9F7-44B4-A468-C336AC318E19} = {A1ECC8EF-D9F7-44B4-A468-C336AC318E19}
	EndProjectSection
EndProject
Global
	GlobalSection(SolutionConfigurationPlatforms) = preSolution
		Debug|Any CPU = Debug|Any CPU
		Release|Any CPU = Release|Any CPU
	EndGlobalSection
	GlobalSection(ProjectConfigurationPlatforms) = postSolution
		{A1ECC8EF-D9F7-44B4-A468-C336AC318E19}.Debug|Any CPU.ActiveCfg = Debug|Any CPU
		{A1ECC8EF-D9F7-44B4-A468-C336AC318E19}.Debug|Any CPU.Build.0 = Debug|Any CPU
		{A1ECC8EF-D9F7-44B4-A468-C336AC318E19}.Release|Any CPU.ActiveCfg = Release|Any CPU
		{A1ECC8EF-D9F7-44B4-A468-C336AC318E19}.Release|Any CPU.Build.0 = Release|Any CPU
		{04D08C89-8836-4A87-9CD4-E2D92D5BB27C}.Debug|Any CPU.ActiveCfg = Debug|Any CPU
		{04D08C89-8836-4A87-9CD4-E2D92D5BB27C}.Debug|Any CPU.Build.0 = Debug|Any CPU
		{04D08C89-8836-4A87-9CD4-E2D92D5BB27C}.Release|Any CPU.ActiveCfg = Release|Any CPU
		{04D08C89-8836-4A87-9CD4-E2D92D5BB27C}.Release|Any CPU.Build.0 = Release|Any CPU
	EndGlobalSection
	GlobalSection(SolutionProperties) = preSolution
		HideSolutionNode = FALSE
	EndGlobalSection
	GlobalSection(ExtensibilityGlobals) = postSolution
		SolutionGuid = {798D552C-3D73-45A3-83DF-C47FCE3A90C5}
	EndGlobalSection
EndGlobal
